{
  "name": "site",
  "version": "0.1.0",
  "lockfileVersion": 1,
  "requires": true,
  "dependencies": {
    "@babel/runtime": {
      "version": "7.17.2",
      "resolved": "https://registry.npmjs.org/@babel/runtime/-/runtime-7.17.2.tgz",
      "integrity": "sha512-hzeyJyMA1YGdJTuWU0e/j4wKXrU4OMFvY2MSlaI9B7VQb0r5cxTE3EAIS2Q7Tn2RIcDkRvTA/v2JsAEhxe99uw==",
      "requires": {
        "regenerator-runtime": "^0.13.4"
      },
      "dependencies": {
        "regenerator-runtime": {
          "version": "0.13.9",
          "resolved": "https://registry.npmjs.org/regenerator-runtime/-/regenerator-runtime-0.13.9.tgz",
          "integrity": "sha512-p3VT+cOEgxFsRRA9X4lkI1E+k2/CtnKtU4gcxyaCUreilL/vqI6CdZ3wxVUx3UOUg+gnUOQQcRI7BmSI656MYA=="
        }
      }
    },
    "antd": {
      "version": "2.12.3",
      "resolved": "http://registry.npm.taobao.org/antd/download/antd-2.12.3.tgz",
      "integrity": "sha1-bbxvB3sVeapMhCPlGA1VzB/95MM="
    },
    "axios": {
      "version": "0.19.2",
      "resolved": "https://registry.npmjs.org/axios/-/axios-0.19.2.tgz",
      "integrity": "sha512-fjgm5MvRHLhx+osE2xoekY70AhARk3a6hkN+3Io1jc00jtquGvxYlKlsFUhmUET0V5te6CcZI7lcv2Ym61mjHA==",
      "requires": {
        "follow-redirects": "1.5.10"
      },
      "dependencies": {
        "debug": {
          "version": "3.1.0",
          "resolved": "https://registry.npmjs.org/debug/-/debug-3.1.0.tgz",
          "integrity": "sha512-OX8XqP7/1a9cqkxYw2yXss15f26NKWBpDXQd0/uK/KPqdQhxbPa994hnzjcE2VqQpDslf55723cKPUOGSmMY3g==",
          "requires": {
            "ms": "2.0.0"
          }
        },
        "follow-redirects": {
          "version": "1.5.10",
          "resolved": "https://registry.npmjs.org/follow-redirects/-/follow-redirects-1.5.10.tgz",
          "integrity": "sha512-0V5l4Cizzvqt5D44aTXbFZz+FtyXV1vrDN6qrelxtfYQKW0KO0W2T/hkE8xvGa/540LkZlkaUjO4ailYTFtHVQ==",
          "requires": {
            "debug": "=3.1.0"
          }
        }
      }
    },
    "babel-plugin-syntax-dynamic-import": {
      "version": "6.18.0",
      "resolved": "http://registry.npm.taobao.org/babel-plugin-syntax-dynamic-import/download/babel-plugin-syntax-dynamic-import-6.18.0.tgz",
      "integrity": "sha1-jWomIpyDdFqZgqRBBRVyyqF5sdo=",
      "dev": true
    },
    "babel-plugin-transform-async-to-generator": {
      "version": "6.24.1",
      "resolved": "http://registry.npm.taobao.org/babel-plugin-transform-async-to-generator/download/babel-plugin-transform-async-to-generator-6.24.1.tgz",
      "integrity": "sha1-ZTbjeK/2yx1VF6wOQOs+n8jQh2E=",
      "dev": true
    },
    "babel-plugin-transform-decorators-legacy": {
      "version": "1.3.4",
      "resolved": "http://registry.npm.taobao.org/babel-plugin-transform-decorators-legacy/download/babel-plugin-transform-decorators-legacy-1.3.4.tgz",
      "integrity": "sha1-dBtY9sW86eYCfgiC2cmU8E82aSU=",
      "dev": true
    },
    "babel-preset-stage-3": {
      "version": "6.24.1",
      "resolved": "http://registry.npm.taobao.org/babel-preset-stage-3/download/babel-preset-stage-3-6.24.1.tgz",
      "integrity": "sha1-g2raCp56f6N8sTj7kyb4eTSkg5U=",
      "dev": true
    },
    "classnames": {
      "version": "2.2.5",
      "resolved": "http://registry.npm.taobao.org/classnames/download/classnames-2.2.5.tgz",
      "integrity": "sha1-+zgB1FNGdknvNgPH1hoCvRKb3m0="
    },
    "echarts": {
      "version": "3.6.2",
      "resolved": "http://registry.npm.taobao.org/echarts/download/echarts-3.6.2.tgz",
      "integrity": "sha1-hilUyLWBC/+HpIsN4EFu2MS7HDY="
    },
    "element-resize-event": {
      "version": "2.0.9",
      "resolved": "http://registry.npm.taobao.org/element-resize-event/download/element-resize-event-2.0.9.tgz",
      "integrity": "sha1-L14VgaKW61J1IQwUG8VjQuIY+HY="
    },
    "history": {
      "version": "4.6.3",
      "resolved": "http://registry.npm.taobao.org/history/download/history-4.6.3.tgz",
      "integrity": "sha1-bXI6hxLFgda+836MJvSu3G64aWc="
    },
    "jest": {
      "version": "20.0.4",
      "resolved": "http://registry.npm.taobao.org/jest/download/jest-20.0.4.tgz",
      "integrity": "sha1-PdJgwpidba1nix6cxNkZRPbWAqw=",
      "dev": true,
      "dependencies": {
        "jest-cli": {
          "version": "20.0.4",
          "resolved": "http://registry.npm.taobao.org/jest-cli/download/jest-cli-20.0.4.tgz",
          "integrity": "sha1-5TKxnYiuW8bEF+iwWTpv6VSx3JM="
        }
      }
    },
    "js-tokens": {
      "version": "3.0.2",
      "resolved": "http://registry.npm.taobao.org/js-tokens/download/js-tokens-3.0.2.tgz",
      "integrity": "sha1-mGbfOVECEw449/mWvOtlRDIJwls="
    },
    "less": {
      "version": "2.7.2",
      "resolved": "http://registry.npm.taobao.org/less/download/less-2.7.2.tgz",
      "integrity": "sha1-No1sxz4fsDmBGDKAkYdDxdz5s98=",
      "dev": true,
      "dependencies": {
        "source-map": {
          "version": "0.5.6",
          "resolved": "http://registry.npm.taobao.org/source-map/download/source-map-0.5.6.tgz",
          "integrity": "sha1-dc449SvwczxafwwRjYEzSiu19BI="
        }
      }
    },
    "less-loader": {
      "version": "4.0.5",
      "resolved": "http://registry.npm.taobao.org/less-loader/download/less-loader-4.0.5.tgz",
      "integrity": "sha1-rhVadAbKxqzSk9eFWH/P8PR4xN0=",
      "dev": true
    },
    "loose-envify": {
      "version": "1.3.1",
      "resolved": "http://registry.npm.taobao.org/loose-envify/download/loose-envify-1.3.1.tgz",
      "integrity": "sha1-0aitM/qc4OcT1l/dCsi3SNR4yEg="
    },
    "ms": {
      "version": "2.0.0",
      "resolved": "http://registry.npm.taobao.org/ms/download/ms-2.0.0.tgz",
      "integrity": "sha1-VgiurfwAvmwpAd9fmGF4jeDVl8g="
    },
    "object-assign": {
      "version": "4.1.1",
      "resolved": "http://registry.npm.taobao.org/object-assign/download/object-assign-4.1.1.tgz",
      "integrity": "sha1-IQmtx5ZYh8/AXLvUQsrIv7s2CGM="
    },
    "path-to-regexp": {
      "version": "1.7.0",
      "resolved": "http://registry.npm.taobao.org/path-to-regexp/download/path-to-regexp-1.7.0.tgz",
      "integrity": "sha1-Wf3g9DW62suhA6hOnTvGTpa5k30="
    },
    "photoswipe": {
      "version": "4.1.2",
      "resolved": "http://registry.npm.taobao.org/photoswipe/download/photoswipe-4.1.2.tgz",
      "integrity": "sha1-lcIKdc6iO3DWKZZBytguA8rn95c="
    },
    "prop-types": {
      "version": "15.5.10",
      "resolved": "http://registry.npm.taobao.org/prop-types/download/prop-types-15.5.10.tgz",
      "integrity": "sha1-J5ffwxJhguOpXj37suiT3ddFYVQ="
    },
    "rc-drawer": {
      "version": "0.4.10",
      "resolved": "http://registry.npm.taobao.org/rc-drawer/download/rc-drawer-0.4.10.tgz",
      "integrity": "sha1-L0JUbOBt9jEjecqVOL9FlUZhFLk="
    },
    "rc-queue-anim": {
      "version": "1.2.2",
      "resolved": "http://registry.npm.taobao.org/rc-queue-anim/download/rc-queue-anim-1.2.2.tgz",
      "integrity": "sha1-4G50p7qLXgcrq+RVa+hAG9dAwLU="
    },
    "react": {
      "version": "15.6.1",
      "resolved": "http://registry.npm.taobao.org/react/download/react-15.6.1.tgz",
      "integrity": "sha1-uqhDTsZ4C96ZfNw4C3nNM7ljk98="
    },
    "react-app-rewired": {
      "version": "1.1.0",
      "resolved": "http://registry.npm.taobao.org/react-app-rewired/download/react-app-rewired-1.1.0.tgz",
      "integrity": "sha1-5PYaVh49PEwcc2BPAHvXh0M/xCs=",
      "dev": true
    },
    "react-color": {
      "version": "2.2.0",
      "resolved": "http://registry.npm.taobao.org/react-color/download/react-color-2.2.0.tgz",
      "integrity": "sha1-zyB1EJm2fPo2zogKQKppbYKTvas="
    },
    "react-dom": {
      "version": "15.6.1",
      "resolved": "http://registry.npm.taobao.org/react-dom/download/react-dom-15.6.1.tgz",
      "integrity": "sha1-LLDtQZEDjlPCCes6eaI+Kkz5lHA="
    },
    "react-is": {
      "version": "16.13.1",
      "resolved": "https://registry.npmjs.org/react-is/-/react-is-16.13.1.tgz",
      "integrity": "sha512-24e6ynE2H+OKt4kqsOvNd8kBpV65zoxbA4BVsEOB3ARVWQki/DHzaUoC5KuON/BiccDaCCTZBuOcfZs70kR8bQ=="
    },
    "react-loadable": {
      "version": "3.3.1",
      "resolved": "http://registry.npm.taobao.org/react-loadable/download/react-loadable-3.3.1.tgz",
      "integrity": "sha1-kTEPHCrcxzzpRDgO6VKfXTPhANM="
    },
    "react-redux": {
      "version": "5.0.5",
      "resolved": "http://registry.npm.taobao.org/react-redux/download/react-redux-5.0.5.tgz",
      "integrity": "sha1-+OjHsjlCJXblLWt9sGQ5RpvphGo="
    },
    "react-router": {
      "version": "4.1.2",
      "resolved": "http://registry.npm.taobao.org/react-router/download/react-router-4.1.2.tgz",
      "integrity": "sha1-euAnNBq8QusIrZ96jKwI0FY2cs4="
    },
    "react-router-dom": {
      "version": "4.1.2",
      "resolved": "http://registry.npm.taobao.org/react-router-dom/download/react-router-dom-4.1.2.tgz",
      "integrity": "sha1-f4p8qGjTKsrdGcoJVDtA0m347Dc="
    },
    "react-router-redux": {
      "version": "5.0.0-alpha.9",
      "resolved": "https://registry.npmjs.org/react-router-redux/-/react-router-redux-5.0.0-alpha.9.tgz",
      "integrity": "sha512-euSgNIANnRXr4GydIuwA7RZCefrLQzIw5WdXspS8NPYbV+FxrKSS9MKG7U9vb6vsKHONnA4VxrVNWfnMUnUQAw==",
      "requires": {
        "history": "^4.7.2",
        "prop-types": "^15.6.0",
        "react-router": "^4.2.0"
      },
      "dependencies": {
        "history": {
          "version": "4.10.1",
          "resolved": "https://registry.npmjs.org/history/-/history-4.10.1.tgz",
          "integrity": "sha512-36nwAD620w12kuzPAsyINPWJqlNbij+hpK1k9XRloDtym8mxzGYl2c17LnV6IAGB2Dmg4tEa7G7DlawS0+qjew==",
          "requires": {
            "@babel/runtime": "^7.1.2",
            "loose-envify": "^1.2.0",
            "resolve-pathname": "^3.0.0",
            "tiny-invariant": "^1.0.2",
            "tiny-warning": "^1.0.0",
            "value-equal": "^1.0.1"
          }
        },
        "hoist-non-react-statics": {
          "version": "2.5.5",
          "resolved": "https://registry.npmjs.org/hoist-non-react-statics/-/hoist-non-react-statics-2.5.5.tgz",
          "integrity": "sha512-rqcy4pJo55FTTLWt+bU8ukscqHeE/e9KWvsOW2b/a3afxQZhwkQdT1rPPCJ0rYXdj4vNcasY8zHTH+jF/qStxw=="
        },
        "invariant": {
          "version": "2.2.4",
          "resolved": "https://registry.npmjs.org/invariant/-/invariant-2.2.4.tgz",
          "integrity": "sha512-phJfQVBuaJM5raOpJjSfkiD6BpbCE4Ns//LaXl6wGYtUBY83nWS6Rf9tXm2e8VaK60JEjYldbPif/A2B1C2gNA==",
          "requires": {
            "loose-envify": "^1.0.0"
          }
        },
        "prop-types": {
          "version": "15.8.1",
          "resolved": "https://registry.npmjs.org/prop-types/-/prop-types-15.8.1.tgz",
          "integrity": "sha512-oj87CgZICdulUohogVAR7AjlC0327U4el4L6eAvOqCeudMDVU0NThNaV+b9Df4dXgSP1gXMTnPdhfe/2qDH5cg==",
          "requires": {
            "loose-envify": "^1.4.0",
            "object-assign": "^4.1.1",
            "react-is": "^16.13.1"
          },
          "dependencies": {
            "loose-envify": {
              "version": "1.4.0",
              "resolved": "https://registry.npmjs.org/loose-envify/-/loose-envify-1.4.0.tgz",
              "integrity": "sha512-lyuxPGr/Wfhrlem2CL/UcnUc1zcqKAImBDzukY7Y5F/yQiNdko6+fRLevlw1HgMySw7f611UIY408EtxRSoK3Q==",
              "requires": {
                "js-tokens": "^3.0.0 || ^4.0.0"
              }
            }
          }
        },
        "react-router": {
          "version": "4.3.1",
          "resolved": "https://registry.npmjs.org/react-router/-/react-router-4.3.1.tgz",
          "integrity": "sha512-yrvL8AogDh2X42Dt9iknk4wF4V8bWREPirFfS9gLU1huk6qK41sg7Z/1S81jjTrGHxa3B8R3J6xIkDAA6CVarg==",
          "requires": {
            "history": "^4.7.2",
            "hoist-non-react-statics": "^2.5.0",
            "invariant": "^2.2.4",
            "loose-envify": "^1.3.1",
            "path-to-regexp": "^1.7.0",
            "prop-types": "^15.6.1",
            "warning": "^4.0.1"
          }
        },
        "resolve-pathname": {
          "version": "3.0.0",
          "resolved": "https://registry.npmjs.org/resolve-pathname/-/resolve-pathname-3.0.0.tgz",
          "integrity": "sha512-C7rARubxI8bXFNB/hqcp/4iUeIXJhJZvFPFPiSPRnhU5UPxzMFIl+2E6yY6c4k9giDJAhtV+enfA+G89N6Csng=="
        },
        "value-equal": {
          "version": "1.0.1",
          "resolved": "https://registry.npmjs.org/value-equal/-/value-equal-1.0.1.tgz",
          "integrity": "sha512-NOJ6JZCAWr0zlxZt+xqCHNTEKOsrks2HQd4MqhP1qy4z1SkbEP467eNx6TgDKXMvUOb+OENfJCZwM+16n7fRfw=="
        },
        "warning": {
          "version": "4.0.3",
          "resolved": "https://registry.npmjs.org/warning/-/warning-4.0.3.tgz",
          "integrity": "sha512-rpJyN222KWIvHJ/F53XSZv0Zl/accqHR8et1kpaMTD/fLCRxtV8iX8czMzY7sVZupTI3zcUTg8eycS2kNF9l6w==",
          "requires": {
            "loose-envify": "^1.0.0"
          }
        }
      }
    },
    "react-scripts": {
      "version": "1.0.10",
      "resolved": "http://registry.npm.taobao.org/react-scripts/download/react-scripts-1.0.10.tgz",
      "integrity": "sha1-h2A1WUdCIg9A/7hlpMfo3A+nriM=",
      "dev": true,
      "dependencies": {
        "babel-runtime": {
          "version": "6.23.0",
          "resolved": "http://registry.npm.taobao.org/babel-runtime/download/babel-runtime-6.23.0.tgz",
          "integrity": "sha1-CpSJ8UTecO+zzkMArM2zKeL8VDs="
        },
        "promise": {
          "version": "7.1.1",
          "resolved": "http://registry.npm.taobao.org/promise/download/promise-7.1.1.tgz",
          "integrity": "sha1-SJZUxpJha4qlWwck+oCbt9tJxb8="
        }
      }
    },
    "react-sizeme": {
      "version": "2.1.1",
      "resolved": "http://registry.npm.taobao.org/react-sizeme/download/react-sizeme-2.1.1.tgz",
      "integrity": "sha1-GpJXx9Q1XsuyZ4iD2rrcfP5m7Zo=",
      "dependencies": {
        "lodash": {
          "version": "4.13.1",
          "resolved": "http://registry.npm.taobao.org/lodash/download/lodash-4.13.1.tgz",
          "integrity": "sha1-g+SxCRP0hJbU0W/sSlYK8u50S2g="
        }
      }
    },
    "react-transition-group": {
      "version": "1.2.0",
      "resolved": "http://registry.npm.taobao.org/react-transition-group/download/react-transition-group-1.2.0.tgz",
      "integrity": "sha1-tR/JIbDDg1p+98Vxx5/ILHPpIE8="
    },
    "reactcss": {
      "version": "0.4.6",
      "resolved": "http://registry.npm.taobao.org/reactcss/download/reactcss-0.4.6.tgz",
      "integrity": "sha1-TH8jFhZ+1rcp9qTRMR6dCatIuME=",
      "dependencies": {
        "core-js": {
          "version": "1.2.7",
          "resolved": "http://registry.npm.taobao.org/core-js/download/core-js-1.2.7.tgz",
          "integrity": "sha1-ZSKUwUZR2yj6k70tX/KYOk8IxjY="
        },
        "fbjs": {
          "version": "0.6.1",
          "resolved": "http://registry.npm.taobao.org/fbjs/download/fbjs-0.6.1.tgz",
          "integrity": "sha1-lja3cF9bqWhNRLcveDISVK/IYPc="
        },
        "lodash": {
          "version": "3.10.1",
          "resolved": "http://registry.npm.taobao.org/lodash/download/lodash-3.10.1.tgz",
          "integrity": "sha1-W/Rejkm6QYnhfUgnid/RW9FAt7Y="
        },
        "react": {
          "version": "0.14.9",
          "resolved": "http://registry.npm.taobao.org/react/download/react-0.14.9.tgz",
          "integrity": "sha1-kRCmSXxJ1EuhwO3TF67CnC4NkdE="
        },
        "whatwg-fetch": {
          "version": "0.9.0",
          "resolved": "http://registry.npm.taobao.org/whatwg-fetch/download/whatwg-fetch-0.9.0.tgz",
          "integrity": "sha1-DjaExsuZlbQ+/J3wPkw2XZX9nMA="
        }
      }
    },
    "redux": {
      "version": "3.7.2",
      "resolved": "http://registry.npm.taobao.org/redux/download/redux-3.7.2.tgz",
      "integrity": "sha1-BrcxIyFZAdJdBlvjQusCa8HIU3s="
    },
    "redux-logger": {
      "version": "3.0.6",
      "resolved": "http://registry.npm.taobao.org/redux-logger/download/redux-logger-3.0.6.tgz",
      "integrity": "sha1-91VZZvMJjzyIYExEnPC69XeCdL8="
    },
    "redux-thunk": {
      "version": "2.2.0",
      "resolved": "http://registry.npm.taobao.org/redux-thunk/download/redux-thunk-2.2.0.tgz",
      "integrity": "sha1-5hWhbha0ehmlFXZhM9Hj6Zt4UuU="
    },
    "tiny-invariant": {
      "version": "1.2.0",
      "resolved": "https://registry.npmjs.org/tiny-invariant/-/tiny-invariant-1.2.0.tgz",
      "integrity": "sha512-1Uhn/aqw5C6RI4KejVeTg6mIS7IqxnLJ8Mv2tV5rTc0qWobay7pDUz6Wi392Cnc8ak1H0F2cjoRzb2/AW4+Fvg=="
    },
    "tiny-warning": {
      "version": "1.0.3",
      "resolved": "https://registry.npmjs.org/tiny-warning/-/tiny-warning-1.0.3.tgz",
      "integrity": "sha512-lBN9zLN/oAf68o3zNXYrdCt1kP8WsiGW8Oo2ka41b2IM5JL/S1CTyX1rW0mb/zSuJun0ZUrDxx4sqvYS2FWzPA=="
    }
  }
}
